# THIS IS AN AUTOGENERATED FILE. DO NOT EDIT THIS FILE DIRECTLY.
# yarn lockfile v1


bluebird@^3.5.0:
  version "3.5.0"
  resolved "https://registry.yarnpkg.com/bluebird/-/bluebird-3.5.0.tgz#791420d7f551eea2897453a8a77653f96606d67c"

hoek@4.x.x:
  version "4.1.0"
  resolved "https://registry.yarnpkg.com/hoek/-/hoek-4.1.0.tgz#4a4557460f69842ed463aa00628cc26d2683afa7"

isemail@2.x.x:
  version "2.2.1"
  resolved "https://registry.yarnpkg.com/isemail/-/isemail-2.2.1.tgz#0353d3d9a62951080c262c2aa0a42b8ea8e9e2a6"

joi-json@^2.0.1:
  version "2.0.1"
  resolved "https://registry.yarnpkg.com/joi-json/-/joi-json-2.0.1.tgz#b849d7c55648ef9d2b8e0a8313ccf7296fa42eda"
  dependencies:
    vandium-utils "^1.1.0"

joi@^8.4.x:
  version "8.4.2"
  resolved "https://registry.yarnpkg.com/joi/-/joi-8.4.2.tgz#bd7774658fe99058d8994ed1d4b9962484ebb859"
  dependencies:
    hoek "4.x.x"
    isemail "2.x.x"
    moment "2.x.x"
    topo "2.x.x"

jwt-simple@0.5.x, jwt-simple@^0.5.1:
  version "0.5.1"
  resolved "https://registry.yarnpkg.com/jwt-simple/-/jwt-simple-0.5.1.tgz#79ea01891b61de6b68e13e67c0b4b5bda937b294"

loglevel@1.4.x:
  version "1.4.1"
  resolved "https://registry.yarnpkg.com/loglevel/-/loglevel-1.4.1.tgz#95b383f91a3c2756fd4ab093667e4309161f2bcd"

moment@2.x.x:
  version "2.17.1"
  resolved "https://registry.yarnpkg.com/moment/-/moment-2.17.1.tgz#fed9506063f36b10f066c8b59a144d7faebe1d82"

mustache@^2.3.0:
  version "2.3.0"
  resolved "https://registry.yarnpkg.com/mustache/-/mustache-2.3.0.tgz#4028f7778b17708a489930a6e52ac3bca0da41d0"

topo@2.x.x:
  version "2.0.2"
  resolved "https://registry.yarnpkg.com/topo/-/topo-2.0.2.tgz#cd5615752539057c0dc0491a621c3bc6fbe1d182"
  dependencies:
    hoek "4.x.x"

vandium-utils@^1.1.0:
  version "1.1.1"
  resolved "https://registry.yarnpkg.com/vandium-utils/-/vandium-utils-1.1.1.tgz#f221b5cdf465f97f5d478ff7a87c8d662f8c8bcd"

vandium@^3.3.0:
  version "3.3.0"
  resolved "https://registry.yarnpkg.com/vandium/-/vandium-3.3.0.tgz#63cb281627dfbf64c43f6be0004d9ce578283d8d"
  dependencies:
    joi "^8.4.x"
    joi-json "^2.0.1"
    jwt-simple "0.5.x"
    loglevel "1.4.x"
    vandium-utils "^1.1.0"
